
Microsoft Visual Studio Solution File, Format Version 12.00
# Visual Studio Version 16
VisualStudioVersion = 16.0.31019.35
MinimumVisualStudioVersion = 10.0.40219.1
Project("{FAE04EC0-301F-11D3-BF4B-00C04F79EFBC}") = "AppConfigDemo", "AppConfigDemo.csproj", "{B2F1BEFC-36F5-499A-A514-B5558738904E}"
EndProject
Global
	GlobalSection(SolutionConfigurationPlatforms) = preSolution
		Debug|Any CPU = Debug|Any CPU
		Release|Any CPU = Release|Any CPU
	EndGlobalSection
	GlobalSection(ProjectConfigurationPlatforms) = postSolution
		{B2F1BEFC-36F5-499A-A514-B5558738904E}.Debug|Any CPU.ActiveCfg = Debug|Any CPU
		{B2F1BEFC-36F5-499A-A514-B5558738904E}.Debug|Any CPU.Build.0 = Debug|Any CPU
		{B2F1BEFC-36F5-499A-A514-B5558738904E}.Release|Any CPU.ActiveCfg = Release|Any CPU
		{B2F1BEFC-36F5-499A-A514-B5558738904E}.Release|Any CPU.Build.0 = Release|Any CPU
	EndGlobalSection
	GlobalSection(SolutionProperties) = preSolution
		HideSolutionNode = FALSE
	EndGlobalSection
	GlobalSection(ExtensibilityGlobals) = postSolution
		SolutionGuid = {76F3D5B6-C0D4-47B8-9B50-3809CB250982}
	EndGlobalSection
EndGlobal
